# This file was autogenerated by Stack.
# You should not edit this file by hand.
# For more information, please see the documentation at:
#   https://docs.haskellstack.org/en/stable/topics/lock_files

packages: []
snapshots:
- completed:
    sha256: 1c2140555bdf61c30a893b3ec1033987d01eda75ce82a1dda033e8fb6f8b322c
    size: 732456
    url: https://raw.githubusercontent.com/commercialhaskell/stackage-snapshots/master/lts/24/55.yaml
  original: lts-24.55
